// !$*UTF8*$!
{
	archiveVersion = 1;
	classes = {
	};
	objectVersion = 48;
	objects = {

/* Begin PBXBuildFile section */
		22152CB21FF36AC900A7BC59 /* UIScrollView+MJRefresh.m in Sources */ = {isa = PBXBuildFile; fileRef = 22152C841FF36AC900A7BC59 /* UIScrollView+MJRefresh.m */; };
		22152CB31FF36AC900A7BC59 /* MJRefreshConst.m in Sources */ = {isa = PBXBuildFile; fileRef = 22152C851FF36AC900A7BC59 /* MJRefreshConst.m */; };
		22152CB41FF36AC900A7BC59 /* MJRefresh.bundle in Resources */ = {isa = PBXBuildFile; fileRef = 22152C891FF36AC900A7BC59 /* MJRefresh.bundle */; };
		22152CB51FF36AC900A7BC59 /* UIScrollView+MJExtension.m in Sources */ = {isa = PBXBuildFile; fileRef = 22152C8B1FF36AC900A7BC59 /* UIScrollView+MJExtension.m */; };
		22152CB61FF36AC900A7BC59 /* NSBundle+MJRefresh.m in Sources */ = {isa = PBXBuildFile; fileRef = 22152C8E1FF36AC900A7BC59 /* NSBundle+MJRefresh.m */; };
		22152CB71FF36AC900A7BC59 /* UIView+MJExtension.m in Sources */ = {isa = PBXBuildFile; fileRef = 22152C8F1FF36AC900A7BC59 /* UIView+MJExtension.m */; };
		22152CB81FF36AC900A7BC59 /* MJRefreshBackGifFooter.m in Sources */ = {isa = PBXBuildFile; fileRef = 22152C961FF36AC900A7BC59 /* MJRefreshBackGifFooter.m */; };
		22152CB91FF36AC900A7BC59 /* MJRefreshBackStateFooter.m in Sources */ = {isa = PBXBuildFile; fileRef = 22152C971FF36AC900A7BC59 /* MJRefreshBackStateFooter.m */; };
		22152CBA1FF36AC900A7BC59 /* MJRefreshBackNormalFooter.m in Sources */ = {isa = PBXBuildFile; fileRef = 22152C981FF36AC900A7BC59 /* MJRefreshBackNormalFooter.m */; };
		22152CBB1FF36AC900A7BC59 /* MJRefreshAutoStateFooter.m in Sources */ = {isa = PBXBuildFile; fileRef = 22152C9D1FF36AC900A7BC59 /* MJRefreshAutoStateFooter.m */; };
		22152CBC1FF36AC900A7BC59 /* MJRefreshAutoGifFooter.m in Sources */ = {isa = PBXBuildFile; fileRef = 22152C9E1FF36AC900A7BC59 /* MJRefreshAutoGifFooter.m */; };
		22152CBD1FF36AC900A7BC59 /* MJRefreshAutoNormalFooter.m in Sources */ = {isa = PBXBuildFile; fileRef = 22152C9F1FF36AC900A7BC59 /* MJRefreshAutoNormalFooter.m */; };
		22152CBE1FF36AC900A7BC59 /* MJRefreshNormalHeader.m in Sources */ = {isa = PBXBuildFile; fileRef = 22152CA11FF36AC900A7BC59 /* MJRefreshNormalHeader.m */; };
		22152CBF1FF36AC900A7BC59 /* MJRefreshStateHeader.m in Sources */ = {isa = PBXBuildFile; fileRef = 22152CA51FF36AC900A7BC59 /* MJRefreshStateHeader.m */; };
		22152CC01FF36AC900A7BC59 /* MJRefreshGifHeader.m in Sources */ = {isa = PBXBuildFile; fileRef = 22152CA61FF36AC900A7BC59 /* MJRefreshGifHeader.m */; };
		22152CC11FF36AC900A7BC59 /* MJRefreshFooter.m in Sources */ = {isa = PBXBuildFile; fileRef = 22152CA81FF36AC900A7BC59 /* MJRefreshFooter.m */; };
		22152CC21FF36AC900A7BC59 /* MJRefreshHeader.m in Sources */ = {isa = PBXBuildFile; fileRef = 22152CAA1FF36AC900A7BC59 /* MJRefreshHeader.m */; };
		22152CC31FF36ACA00A7BC59 /* MJRefreshBackFooter.m in Sources */ = {isa = PBXBuildFile; fileRef = 22152CAC1FF36AC900A7BC59 /* MJRefreshBackFooter.m */; };
		22152CC41FF36ACA00A7BC59 /* MJRefreshAutoFooter.m in Sources */ = {isa = PBXBuildFile; fileRef = 22152CAD1FF36AC900A7BC59 /* MJRefreshAutoFooter.m */; };
		22152CC51FF36ACA00A7BC59 /* MJRefreshComponent.m in Sources */ = {isa = PBXBuildFile; fileRef = 22152CAF1FF36AC900A7BC59 /* MJRefreshComponent.m */; };
		22152CFA1FF36BA600A7BC59 /* Differentiator.framework in Frameworks */ = {isa = PBXBuildFile; fileRef = 22152CEE1FF36BA500A7BC59 /* Differentiator.framework */; };
		22152CFB1FF36BA600A7BC59 /* Kingfisher.framework in Frameworks */ = {isa = PBXBuildFile; fileRef = 22152CEF1FF36BA500A7BC59 /* Kingfisher.framework */; };
		22152CFC1FF36BA600A7BC59 /* RxMoya.framework in Frameworks */ = {isa = PBXBuildFile; fileRef = 22152CF01FF36BA500A7BC59 /* RxMoya.framework */; };
		22152CFD1FF36BA600A7BC59 /* Moya.framework in Frameworks */ = {isa = PBXBuildFile; fileRef = 22152CF11FF36BA500A7BC59 /* Moya.framework */; };
		22152CFE1FF36BA600A7BC59 /* RxCocoa.framework in Frameworks */ = {isa = PBXBuildFile; fileRef = 22152CF21FF36BA500A7BC59 /* RxCocoa.framework */; };
		22152CFF1FF36BA600A7BC59 /* Result.framework in Frameworks */ = {isa = PBXBuildFile; fileRef = 22152CF31FF36BA500A7BC59 /* Result.framework */; };
		22152D001FF36BA600A7BC59 /* RxDataSources.framework in Frameworks */ = {isa = PBXBuildFile; fileRef = 22152CF41FF36BA500A7BC59 /* RxDataSources.framework */; };
		22152D011FF36BA600A7BC59 /* RxAlamofire.framework in Frameworks */ = {isa = PBXBuildFile; fileRef = 22152CF51FF36BA500A7BC59 /* RxAlamofire.framework */; };
		22152D021FF36BA600A7BC59 /* RxSwift.framework in Frameworks */ = {isa = PBXBuildFile; fileRef = 22152CF61FF36BA500A7BC59 /* RxSwift.framework */; };
		22152D031FF36BA600A7BC59 /* RxBlocking.framework in Frameworks */ = {isa = PBXBuildFile; fileRef = 22152CF71FF36BA500A7BC59 /* RxBlocking.framework */; };
		22152D041FF36BA600A7BC59 /* SwiftyJSON.framework in Frameworks */ = {isa = PBXBuildFile; fileRef = 22152CF81FF36BA600A7BC59 /* SwiftyJSON.framework */; };
		22152D051FF36BA600A7BC59 /* Alamofire.framework in Frameworks */ = {isa = PBXBuildFile; fileRef = 22152CF91FF36BA600A7BC59 /* Alamofire.framework */; };
		225971E31FF337E800D58BAE /* AppDelegate.swift in Sources */ = {isa = PBXBuildFile; fileRef = 225971E21FF337E800D58BAE /* AppDelegate.swift */; };
		225971E51FF337E800D58BAE /* ViewController.swift in Sources */ = {isa = PBXBuildFile; fileRef = 225971E41FF337E800D58BAE /* ViewController.swift */; };
		225971E81FF337E800D58BAE /* Main.storyboard in Resources */ = {isa = PBXBuildFile; fileRef = 225971E61FF337E800D58BAE /* Main.storyboard */; };
		225971EA1FF337E800D58BAE /* Assets.xcassets in Resources */ = {isa = PBXBuildFile; fileRef = 225971E91FF337E800D58BAE /* Assets.xcassets */; };
		225971ED1FF337E800D58BAE /* LaunchScreen.storyboard in Resources */ = {isa = PBXBuildFile; fileRef = 225971EB1FF337E800D58BAE /* LaunchScreen.storyboard */; };
		225971F81FF337E800D58BAE /* RxSwiftDemoTests.swift in Sources */ = {isa = PBXBuildFile; fileRef = 225971F71FF337E800D58BAE /* RxSwiftDemoTests.swift */; };
		225972031FF337E800D58BAE /* RxSwiftDemoUITests.swift in Sources */ = {isa = PBXBuildFile; fileRef = 225972021FF337E800D58BAE /* RxSwiftDemoUITests.swift */; };
/* End PBXBuildFile section */

/* Begin PBXContainerItemProxy section */
		225971F41FF337E800D58BAE /* PBXContainerItemProxy */ = {
			isa = PBXContainerItemProxy;
			containerPortal = 225971D71FF337E800D58BAE /* Project object */;
			proxyType = 1;
			remoteGlobalIDString = 225971DE1FF337E800D58BAE;
			remoteInfo = RxSwiftDemo;
		};
		225971FF1FF337E800D58BAE /* PBXContainerItemProxy */ = {
			isa = PBXContainerItemProxy;
			containerPortal = 225971D71FF337E800D58BAE /* Project object */;
			proxyType = 1;
			remoteGlobalIDString = 225971DE1FF337E800D58BAE;
			remoteInfo = RxSwiftDemo;
		};
/* End PBXContainerItemProxy section */

/* Begin PBXCopyFilesBuildPhase section */
		22152CEC1FF36B8000A7BC59 /* Embed Frameworks */ = {
			isa = PBXCopyFilesBuildPhase;
			buildActionMask = 2147483647;
			dstPath = "";
			dstSubfolderSpec = 10;
			files = (
			);
			name = "Embed Frameworks";
			runOnlyForDeploymentPostprocessing = 0;
		};
/* End PBXCopyFilesBuildPhase section */

/* Begin PBXFileReference section */
		22152C841FF36AC900A7BC59 /* UIScrollView+MJRefresh.m */ = {isa = PBXFileReference; fileEncoding = 4; lastKnownFileType = sourcecode.c.objc; path = "UIScrollView+MJRefresh.m"; sourceTree = "<group>"; };
		22152C851FF36AC900A7BC59 /* MJRefreshConst.m */ = {isa = PBXFileReference; fileEncoding = 4; lastKnownFileType = sourcecode.c.objc; path = MJRefreshConst.m; sourceTree = "<group>"; };
		22152C861FF36AC900A7BC59 /* UIScrollView+MJExtension.h */ = {isa = PBXFileReference; fileEncoding = 4; lastKnownFileType = sourcecode.c.h; path = "UIScrollView+MJExtension.h"; sourceTree = "<group>"; };
		22152C871FF36AC900A7BC59 /* MJRefresh.h */ = {isa = PBXFileReference; fileEncoding = 4; lastKnownFileType = sourcecode.c.h; path = MJRefresh.h; sourceTree = "<group>"; };
		22152C881FF36AC900A7BC59 /* NSBundle+MJRefresh.h */ = {isa = PBXFileReference; fileEncoding = 4; lastKnownFileType = sourcecode.c.h; path = "NSBundle+MJRefresh.h"; sourceTree = "<group>"; };
		22152C891FF36AC900A7BC59 /* MJRefresh.bundle */ = {isa = PBXFileReference; lastKnownFileType = "wrapper.plug-in"; path = MJRefresh.bundle; sourceTree = "<group>"; };
		22152C8A1FF36AC900A7BC59 /* UIView+MJExtension.h */ = {isa = PBXFileReference; fileEncoding = 4; lastKnownFileType = sourcecode.c.h; path = "UIView+MJExtension.h"; sourceTree = "<group>"; };
		22152C8B1FF36AC900A7BC59 /* UIScrollView+MJExtension.m */ = {isa = PBXFileReference; fileEncoding = 4; lastKnownFileType = sourcecode.c.objc; path = "UIScrollView+MJExtension.m"; sourceTree = "<group>"; };
		22152C8C1FF36AC900A7BC59 /* MJRefreshConst.h */ = {isa = PBXFileReference; fileEncoding = 4; lastKnownFileType = sourcecode.c.h; path = MJRefreshConst.h; sourceTree = "<group>"; };
		22152C8D1FF36AC900A7BC59 /* UIScrollView+MJRefresh.h */ = {isa = PBXFileReference; fileEncoding = 4; lastKnownFileType = sourcecode.c.h; path = "UIScrollView+MJRefresh.h"; sourceTree = "<group>"; };
		22152C8E1FF36AC900A7BC59 /* NSBundle+MJRefresh.m */ = {isa = PBXFileReference; fileEncoding = 4; lastKnownFileType = sourcecode.c.objc; path = "NSBundle+MJRefresh.m"; sourceTree = "<group>"; };
		22152C8F1FF36AC900A7BC59 /* UIView+MJExtension.m */ = {isa = PBXFileReference; fileEncoding = 4; lastKnownFileType = sourcecode.c.objc; path = "UIView+MJExtension.m"; sourceTree = "<group>"; };
		22152C931FF36AC900A7BC59 /* MJRefreshBackGifFooter.h */ = {isa = PBXFileReference; fileEncoding = 4; lastKnownFileType = sourcecode.c.h; path = MJRefreshBackGifFooter.h; sourceTree = "<group>"; };
		22152C941FF36AC900A7BC59 /* MJRefreshBackStateFooter.h */ = {isa = PBXFileReference; fileEncoding = 4; lastKnownFileType = sourcecode.c.h; path = MJRefreshBackStateFooter.h; sourceTree = "<group>"; };
		22152C951FF36AC900A7BC59 /* MJRefreshBackNormalFooter.h */ = {isa = PBXFileReference; fileEncoding = 4; lastKnownFileType = sourcecode.c.h; path = MJRefreshBackNormalFooter.h; sourceTree = "<group>"; };
		22152C961FF36AC900A7BC59 /* MJRefreshBackGifFooter.m */ = {isa = PBXFileReference; fileEncoding = 4; lastKnownFileType = sourcecode.c.objc; path = MJRefreshBackGifFooter.m; sourceTree = "<group>"; };
		22152C971FF36AC900A7BC59 /* MJRefreshBackStateFooter.m */ = {isa = PBXFileReference; fileEncoding = 4; lastKnownFileType = sourcecode.c.objc; path = MJRefreshBackStateFooter.m; sourceTree = "<group>"; };
		22152C981FF36AC900A7BC59 /* MJRefreshBackNormalFooter.m */ = {isa = PBXFileReference; fileEncoding = 4; lastKnownFileType = sourcecode.c.objc; path = MJRefreshBackNormalFooter.m; sourceTree = "<group>"; };
		22152C9A1FF36AC900A7BC59 /* MJRefreshAutoStateFooter.h */ = {isa = PBXFileReference; fileEncoding = 4; lastKnownFileType = sourcecode.c.h; path = MJRefreshAutoStateFooter.h; sourceTree = "<group>"; };
		22152C9B1FF36AC900A7BC59 /* MJRefreshAutoNormalFooter.h */ = {isa = PBXFileReference; fileEncoding = 4; lastKnownFileType = sourcecode.c.h; path = MJRefreshAutoNormalFooter.h; sourceTree = "<group>"; };
		22152C9C1FF36AC900A7BC59 /* MJRefreshAutoGifFooter.h */ = {isa = PBXFileReference; fileEncoding = 4; lastKnownFileType = sourcecode.c.h; path = MJRefreshAutoGifFooter.h; sourceTree = "<group>"; };
		22152C9D1FF36AC900A7BC59 /* MJRefreshAutoStateFooter.m */ = {isa = PBXFileReference; fileEncoding = 4; lastKnownFileType = sourcecode.c.objc; path = MJRefreshAutoStateFooter.m; sourceTree = "<group>"; };
		22152C9E1FF36AC900A7BC59 /* MJRefreshAutoGifFooter.m */ = {isa = PBXFileReference; fileEncoding = 4; lastKnownFileType = sourcecode.c.objc; path = MJRefreshAutoGifFooter.m; sourceTree = "<group>"; };
		22152C9F1FF36AC900A7BC59 /* MJRefreshAutoNormalFooter.m */ = {isa = PBXFileReference; fileEncoding = 4; lastKnownFileType = sourcecode.c.objc; path = MJRefreshAutoNormalFooter.m; sourceTree = "<group>"; };
		22152CA11FF36AC900A7BC59 /* MJRefreshNormalHeader.m */ = {isa = PBXFileReference; fileEncoding = 4; lastKnownFileType = sourcecode.c.objc; path = MJRefreshNormalHeader.m; sourceTree = "<group>"; };
		22152CA21FF36AC900A7BC59 /* MJRefreshStateHeader.h */ = {isa = PBXFileReference; fileEncoding = 4; lastKnownFileType = sourcecode.c.h; path = MJRefreshStateHeader.h; sourceTree = "<group>"; };
		22152CA31FF36AC900A7BC59 /* MJRefreshGifHeader.h */ = {isa = PBXFileReference; fileEncoding = 4; lastKnownFileType = sourcecode.c.h; path = MJRefreshGifHeader.h; sourceTree = "<group>"; };
		22152CA41FF36AC900A7BC59 /* MJRefreshNormalHeader.h */ = {isa = PBXFileReference; fileEncoding = 4; lastKnownFileType = sourcecode.c.h; path = MJRefreshNormalHeader.h; sourceTree = "<group>"; };
		22152CA51FF36AC900A7BC59 /* MJRefreshStateHeader.m */ = {isa = PBXFileReference; fileEncoding = 4; lastKnownFileType = sourcecode.c.objc; path = MJRefreshStateHeader.m; sourceTree = "<group>"; };
		22152CA61FF36AC900A7BC59 /* MJRefreshGifHeader.m */ = {isa = PBXFileReference; fileEncoding = 4; lastKnownFileType = sourcecode.c.objc; path = MJRefreshGifHeader.m; sourceTree = "<group>"; };
		22152CA81FF36AC900A7BC59 /* MJRefreshFooter.m */ = {isa = PBXFileReference; fileEncoding = 4; lastKnownFileType = sourcecode.c.objc; path = MJRefreshFooter.m; sourceTree = "<group>"; };
		22152CA91FF36AC900A7BC59 /* MJRefreshComponent.h */ = {isa = PBXFileReference; fileEncoding = 4; lastKnownFileType = sourcecode.c.h; path = MJRefreshComponent.h; sourceTree = "<group>"; };
		22152CAA1FF36AC900A7BC59 /* MJRefreshHeader.m */ = {isa = PBXFileReference; fileEncoding = 4; lastKnownFileType = sourcecode.c.objc; path = MJRefreshHeader.m; sourceTree = "<group>"; };
		22152CAB1FF36AC900A7BC59 /* MJRefreshAutoFooter.h */ = {isa = PBXFileReference; fileEncoding = 4; lastKnownFileType = sourcecode.c.h; path = MJRefreshAutoFooter.h; sourceTree = "<group>"; };
		22152CAC1FF36AC900A7BC59 /* MJRefreshBackFooter.m */ = {isa = PBXFileReference; fileEncoding = 4; lastKnownFileType = sourcecode.c.objc; path = MJRefreshBackFooter.m; sourceTree = "<group>"; };
		22152CAD1FF36AC900A7BC59 /* MJRefreshAutoFooter.m */ = {isa = PBXFileReference; fileEncoding = 4; lastKnownFileType = sourcecode.c.objc; path = MJRefreshAutoFooter.m; sourceTree = "<group>"; };
		22152CAE1FF36AC900A7BC59 /* MJRefreshHeader.h */ = {isa = PBXFileReference; fileEncoding = 4; lastKnownFileType = sourcecode.c.h; path = MJRefreshHeader.h; sourceTree = "<group>"; };
		22152CAF1FF36AC900A7BC59 /* MJRefreshComponent.m */ = {isa = PBXFileReference; fileEncoding = 4; lastKnownFileType = sourcecode.c.objc; path = MJRefreshComponent.m; sourceTree = "<group>"; };
		22152CB01FF36AC900A7BC59 /* MJRefreshFooter.h */ = {isa = PBXFileReference; fileEncoding = 4; lastKnownFileType = sourcecode.c.h; path = MJRefreshFooter.h; sourceTree = "<group>"; };
		22152CB11FF36AC900A7BC59 /* MJRefreshBackFooter.h */ = {isa = PBXFileReference; fileEncoding = 4; lastKnownFileType = sourcecode.c.h; path = MJRefreshBackFooter.h; sourceTree = "<group>"; };
		22152CC71FF36B4800A7BC59 /* RxSwiftDemo-Bridging-Header.h */ = {isa = PBXFileReference; lastKnownFileType = sourcecode.c.h; path = "RxSwiftDemo-Bridging-Header.h"; sourceTree = "<group>"; };
		22152CEE1FF36BA500A7BC59 /* Differentiator.framework */ = {isa = PBXFileReference; lastKnownFileType = wrapper.framework; name = Differentiator.framework; path = Carthage/Build/iOS/Differentiator.framework; sourceTree = "<group>"; };
		22152CEF1FF36BA500A7BC59 /* Kingfisher.framework */ = {isa = PBXFileReference; lastKnownFileType = wrapper.framework; name = Kingfisher.framework; path = Carthage/Build/iOS/Kingfisher.framework; sourceTree = "<group>"; };
		22152CF01FF36BA500A7BC59 /* RxMoya.framework */ = {isa = PBXFileReference; lastKnownFileType = wrapper.framework; name = RxMoya.framework; path = Carthage/Build/iOS/RxMoya.framework; sourceTree = "<group>"; };
		22152CF11FF36BA500A7BC59 /* Moya.framework */ = {isa = PBXFileReference; lastKnownFileType = wrapper.framework; name = Moya.framework; path = Carthage/Build/iOS/Moya.framework; sourceTree = "<group>"; };
		22152CF21FF36BA500A7BC59 /* RxCocoa.framework */ = {isa = PBXFileReference; lastKnownFileType = wrapper.framework; name = RxCocoa.framework; path = Carthage/Build/iOS/RxCocoa.framework; sourceTree = "<group>"; };
		22152CF31FF36BA500A7BC59 /* Result.framework */ = {isa = PBXFileReference; lastKnownFileType = wrapper.framework; name = Result.framework; path = Carthage/Build/iOS/Result.framework; sourceTree = "<group>"; };
		22152CF41FF36BA500A7BC59 /* RxDataSources.framework */ = {isa = PBXFileReference; lastKnownFileType = wrapper.framework; name = RxDataSources.framework; path = Carthage/Build/iOS/RxDataSources.framework; sourceTree = "<group>"; };
		22152CF51FF36BA500A7BC59 /* RxAlamofire.framework */ = {isa = PBXFileReference; lastKnownFileType = wrapper.framework; name = RxAlamofire.framework; path = Carthage/Build/iOS/RxAlamofire.framework; sourceTree = "<group>"; };
		22152CF61FF36BA500A7BC59 /* RxSwift.framework */ = {isa = PBXFileReference; lastKnownFileType = wrapper.framework; name = RxSwift.framework; path = Carthage/Build/iOS/RxSwift.framework; sourceTree = "<group>"; };
		22152CF71FF36BA500A7BC59 /* RxBlocking.framework */ = {isa = PBXFileReference; lastKnownFileType = wrapper.framework; name = RxBlocking.framework; path = Carthage/Build/iOS/RxBlocking.framework; sourceTree = "<group>"; };
		22152CF81FF36BA600A7BC59 /* SwiftyJSON.framework */ = {isa = PBXFileReference; lastKnownFileType = wrapper.framework; name = SwiftyJSON.framework; path = Carthage/Build/iOS/SwiftyJSON.framework; sourceTree = "<group>"; };
		22152CF91FF36BA600A7BC59 /* Alamofire.framework */ = {isa = PBXFileReference; lastKnownFileType = wrapper.framework; name = Alamofire.framework; path = Carthage/Build/iOS/Alamofire.framework; sourceTree = "<group>"; };
		225971DF1FF337E800D58BAE /* RxSwiftDemo.app */ = {isa = PBXFileReference; explicitFileType = wrapper.application; includeInIndex = 0; path = RxSwiftDemo.app; sourceTree = BUILT_PRODUCTS_DIR; };
		225971E21FF337E800D58BAE /* AppDelegate.swift */ = {isa = PBXFileReference; lastKnownFileType = sourcecode.swift; path = AppDelegate.swift; sourceTree = "<group>"; };
		225971E41FF337E800D58BAE /* ViewController.swift */ = {isa = PBXFileReference; lastKnownFileType = sourcecode.swift; path = ViewController.swift; sourceTree = "<group>"; };
		225971E71FF337E800D58BAE /* Base */ = {isa = PBXFileReference; lastKnownFileType = file.storyboard; name = Base; path = Base.lproj/Main.storyboard; sourceTree = "<group>"; };
		225971E91FF337E800D58BAE /* Assets.xcassets */ = {isa = PBXFileReference; lastKnownFileType = folder.assetcatalog; path = Assets.xcassets; sourceTree = "<group>"; };
		225971EC1FF337E800D58BAE /* Base */ = {isa = PBXFileReference; lastKnownFileType = file.storyboard; name = Base; path = Base.lproj/LaunchScreen.storyboard; sourceTree = "<group>"; };
		225971EE1FF337E800D58BAE /* Info.plist */ = {isa = PBXFileReference; lastKnownFileType = text.plist.xml; path = Info.plist; sourceTree = "<group>"; };
		225971F31FF337E800D58BAE /* RxSwiftDemoTests.xctest */ = {isa = PBXFileReference; explicitFileType = wrapper.cfbundle; includeInIndex = 0; path = RxSwiftDemoTests.xctest; sourceTree = BUILT_PRODUCTS_DIR; };
		225971F71FF337E800D58BAE /* RxSwiftDemoTests.swift */ = {isa = PBXFileReference; lastKnownFileType = sourcecode.swift; path = RxSwiftDemoTests.swift; sourceTree = "<group>"; };
		225971F91FF337E800D58BAE /* Info.plist */ = {isa = PBXFileReference; lastKnownFileType = text.plist.xml; path = Info.plist; sourceTree = "<group>"; };
		225971FE1FF337E800D58BAE /* RxSwiftDemoUITests.xctest */ = {isa = PBXFileReference; explicitFileType = wrapper.cfbundle; includeInIndex = 0; path = RxSwiftDemoUITests.xctest; sourceTree = BUILT_PRODUCTS_DIR; };
		225972021FF337E800D58BAE /* RxSwiftDemoUITests.swift */ = {isa = PBXFileReference; lastKnownFileType = sourcecode.swift; path = RxSwiftDemoUITests.swift; sourceTree = "<group>"; };
		225972041FF337E800D58BAE /* Info.plist */ = {isa = PBXFileReference; lastKnownFileType = text.plist.xml; path = Info.plist; sourceTree = "<group>"; };
/* End PBXFileReference section */

/* Begin PBXFrameworksBuildPhase section */
		225971DC1FF337E800D58BAE /* Frameworks */ = {
			isa = PBXFrameworksBuildPhase;
			buildActionMask = 2147483647;
			files = (
				22152CFA1FF36BA600A7BC59 /* Differentiator.framework in Frameworks */,
				22152CFB1FF36BA600A7BC59 /* Kingfisher.framework in Frameworks */,
				22152CFC1FF36BA600A7BC59 /* RxMoya.framework in Frameworks */,
				22152CFD1FF36BA600A7BC59 /* Moya.framework in Frameworks */,
				22152CFE1FF36BA600A7BC59 /* RxCocoa.framework in Frameworks */,
				22152CFF1FF36BA600A7BC59 /* Result.framework in Frameworks */,
				22152D001FF36BA600A7BC59 /* RxDataSources.framework in Frameworks */,
				22152D011FF36BA600A7BC59 /* RxAlamofire.framework in Frameworks */,
				22152D021FF36BA600A7BC59 /* RxSwift.framework in Frameworks */,
				22152D031FF36BA600A7BC59 /* RxBlocking.framework in Frameworks */,
				22152D041FF36BA600A7BC59 /* SwiftyJSON.framework in Frameworks */,
				22152D051FF36BA600A7BC59 /* Alamofire.framework in Frameworks */,
			);
			runOnlyForDeploymentPostprocessing = 0;
		};
		225971F01FF337E800D58BAE /* Frameworks */ = {
			isa = PBXFrameworksBuildPhase;
			buildActionMask = 2147483647;
			files = (
			);
			runOnlyForDeploymentPostprocessing = 0;
		};
		225971FB1FF337E800D58BAE /* Frameworks */ = {
			isa = PBXFrameworksBuildPhase;
			buildActionMask = 2147483647;
			files = (
			);
			runOnlyForDeploymentPostprocessing = 0;
		};
/* End PBXFrameworksBuildPhase section */

/* Begin PBXGroup section */
		22152C821FF36AC900A7BC59 /* 3rdLibs */ = {
			isa = PBXGroup;
			children = (
				22152C831FF36AC900A7BC59 /* MJRefresh */,
			);
			path = 3rdLibs;
			sourceTree = "<group>";
		};
		22152C831FF36AC900A7BC59 /* MJRefresh */ = {
			isa = PBXGroup;
			children = (
				22152C841FF36AC900A7BC59 /* UIScrollView+MJRefresh.m */,
				22152C851FF36AC900A7BC59 /* MJRefreshConst.m */,
				22152C861FF36AC900A7BC59 /* UIScrollView+MJExtension.h */,
				22152C871FF36AC900A7BC59 /* MJRefresh.h */,
				22152C881FF36AC900A7BC59 /* NSBundle+MJRefresh.h */,
				22152C891FF36AC900A7BC59 /* MJRefresh.bundle */,
				22152C8A1FF36AC900A7BC59 /* UIView+MJExtension.h */,
				22152C8B1FF36AC900A7BC59 /* UIScrollView+MJExtension.m */,
				22152C8C1FF36AC900A7BC59 /* MJRefreshConst.h */,
				22152C8D1FF36AC900A7BC59 /* UIScrollView+MJRefresh.h */,
				22152C8E1FF36AC900A7BC59 /* NSBundle+MJRefresh.m */,
				22152C8F1FF36AC900A7BC59 /* UIView+MJExtension.m */,
				22152C901FF36AC900A7BC59 /* Custom */,
				22152CA71FF36AC900A7BC59 /* Base */,
			);
			path = MJRefresh;
			sourceTree = "<group>";
		};
		22152C901FF36AC900A7BC59 /* Custom */ = {
			isa = PBXGroup;
			children = (
				22152C911FF36AC900A7BC59 /* Footer */,
				22152CA01FF36AC900A7BC59 /* Header */,
			);
			path = Custom;
			sourceTree = "<group>";
		};
		22152C911FF36AC900A7BC59 /* Footer */ = {
			isa = PBXGroup;
			children = (
				22152C921FF36AC900A7BC59 /* Back */,
				22152C991FF36AC900A7BC59 /* Auto */,
			);
			path = Footer;
			sourceTree = "<group>";
		};
		22152C921FF36AC900A7BC59 /* Back */ = {
			isa = PBXGroup;
			children = (
				22152C931FF36AC900A7BC59 /* MJRefreshBackGifFooter.h */,
				22152C941FF36AC900A7BC59 /* MJRefreshBackStateFooter.h */,
				22152C951FF36AC900A7BC59 /* MJRefreshBackNormalFooter.h */,
				22152C961FF36AC900A7BC59 /* MJRefreshBackGifFooter.m */,
				22152C971FF36AC900A7BC59 /* MJRefreshBackStateFooter.m */,
				22152C981FF36AC900A7BC59 /* MJRefreshBackNormalFooter.m */,
			);
			path = Back;
			sourceTree = "<group>";
		};
		22152C991FF36AC900A7BC59 /* Auto */ = {
			isa = PBXGroup;
			children = (
				22152C9A1FF36AC900A7BC59 /* MJRefreshAutoStateFooter.h */,
				22152C9B1FF36AC900A7BC59 /* MJRefreshAutoNormalFooter.h */,
				22152C9C1FF36AC900A7BC59 /* MJRefreshAutoGifFooter.h */,
				22152C9D1FF36AC900A7BC59 /* MJRefreshAutoStateFooter.m */,
				22152C9E1FF36AC900A7BC59 /* MJRefreshAutoGifFooter.m */,
				22152C9F1FF36AC900A7BC59 /* MJRefreshAutoNormalFooter.m */,
			);
			path = Auto;
			sourceTree = "<group>";
		};
		22152CA01FF36AC900A7BC59 /* Header */ = {
			isa = PBXGroup;
			children = (
				22152CA11FF36AC900A7BC59 /* MJRefreshNormalHeader.m */,
				22152CA21FF36AC900A7BC59 /* MJRefreshStateHeader.h */,
				22152CA31FF36AC900A7BC59 /* MJRefreshGifHeader.h */,
				22152CA41FF36AC900A7BC59 /* MJRefreshNormalHeader.h */,
				22152CA51FF36AC900A7BC59 /* MJRefreshStateHeader.m */,
				22152CA61FF36AC900A7BC59 /* MJRefreshGifHeader.m */,
			);
			path = Header;
			sourceTree = "<group>";
		};
		22152CA71FF36AC900A7BC59 /* Base */ = {
			isa = PBXGroup;
			children = (
				22152CA81FF36AC900A7BC59 /* MJRefreshFooter.m */,
				22152CA91FF36AC900A7BC59 /* MJRefreshComponent.h */,
				22152CAA1FF36AC900A7BC59 /* MJRefreshHeader.m */,
				22152CAB1FF36AC900A7BC59 /* MJRefreshAutoFooter.h */,
				22152CAC1FF36AC900A7BC59 /* MJRefreshBackFooter.m */,
				22152CAD1FF36AC900A7BC59 /* MJRefreshAutoFooter.m */,
				22152CAE1FF36AC900A7BC59 /* MJRefreshHeader.h */,
				22152CAF1FF36AC900A7BC59 /* MJRefreshComponent.m */,
				22152CB01FF36AC900A7BC59 /* MJRefreshFooter.h */,
				22152CB11FF36AC900A7BC59 /* MJRefreshBackFooter.h */,
			);
			path = Base;
			sourceTree = "<group>";
		};
		22152CED1FF36BA500A7BC59 /* Frameworks */ = {
			isa = PBXGroup;
			children = (
				22152CF91FF36BA600A7BC59 /* Alamofire.framework */,
				22152CEE1FF36BA500A7BC59 /* Differentiator.framework */,
				22152CEF1FF36BA500A7BC59 /* Kingfisher.framework */,
				22152CF11FF36BA500A7BC59 /* Moya.framework */,
				22152CF31FF36BA500A7BC59 /* Result.framework */,
				22152CF51FF36BA500A7BC59 /* RxAlamofire.framework */,
				22152CF71FF36BA500A7BC59 /* RxBlocking.framework */,
				22152CF21FF36BA500A7BC59 /* RxCocoa.framework */,
				22152CF41FF36BA500A7BC59 /* RxDataSources.framework */,
				22152CF01FF36BA500A7BC59 /* RxMoya.framework */,
				22152CF61FF36BA500A7BC59 /* RxSwift.framework */,
				22152CF81FF36BA600A7BC59 /* SwiftyJSON.framework */,
			);
			name = Frameworks;
			sourceTree = "<group>";
		};
		225971D61FF337E800D58BAE = {
			isa = PBXGroup;
			children = (
				225971E11FF337E800D58BAE /* RxSwiftDemo */,
				225971F61FF337E800D58BAE /* RxSwiftDemoTests */,
				225972011FF337E800D58BAE /* RxSwiftDemoUITests */,
				225971E01FF337E800D58BAE /* Products */,
				22152CED1FF36BA500A7BC59 /* Frameworks */,
			);
			sourceTree = "<group>";
		};
		225971E01FF337E800D58BAE /* Products */ = {
			isa = PBXGroup;
			children = (
				225971DF1FF337E800D58BAE /* RxSwiftDemo.app */,
				225971F31FF337E800D58BAE /* RxSwiftDemoTests.xctest */,
				225971FE1FF337E800D58BAE /* RxSwiftDemoUITests.xctest */,
			);
			name = Products;
			sourceTree = "<group>";
		};
		225971E11FF337E800D58BAE /* RxSwiftDemo */ = {
			isa = PBXGroup;
			children = (
				22152C821FF36AC900A7BC59 /* 3rdLibs */,
				225971E21FF337E800D58BAE /* AppDelegate.swift */,
				225971E41FF337E800D58BAE /* ViewController.swift */,
				225971E61FF337E800D58BAE /* Main.storyboard */,
				225971E91FF337E800D58BAE /* Assets.xcassets */,
				225971EB1FF337E800D58BAE /* LaunchScreen.storyboard */,
				225971EE1FF337E800D58BAE /* Info.plist */,
				22152CC71FF36B4800A7BC59 /* RxSwiftDemo-Bridging-Header.h */,
			);
			path = RxSwiftDemo;
			sourceTree = "<group>";
		};
		225971F61FF337E800D58BAE /* RxSwiftDemoTests */ = {
			isa = PBXGroup;
			children = (
				225971F71FF337E800D58BAE /* RxSwiftDemoTests.swift */,
				225971F91FF337E800D58BAE /* Info.plist */,
			);
			path = RxSwiftDemoTests;
			sourceTree = "<group>";
		};
		225972011FF337E800D58BAE /* RxSwiftDemoUITests */ = {
			isa = PBXGroup;
			children = (
				225972021FF337E800D58BAE /* RxSwiftDemoUITests.swift */,
				225972041FF337E800D58BAE /* Info.plist */,
			);
			path = RxSwiftDemoUITests;
			sourceTree = "<group>";
		};
/* End PBXGroup section */

/* Begin PBXNativeTarget section */
		225971DE1FF337E800D58BAE /* RxSwiftDemo */ = {
			isa = PBXNativeTarget;
			buildConfigurationList = 225972071FF337E800D58BAE /* Build configuration list for PBXNativeTarget "RxSwiftDemo" */;
			buildPhases = (
				225971DB1FF337E800D58BAE /* Sources */,
				225971DC1FF337E800D58BAE /* Frameworks */,
				225971DD1FF337E800D58BAE /* Resources */,
				22152CEC1FF36B8000A7BC59 /* Embed Frameworks */,
				22152D061FF36BAF00A7BC59 /* ShellScript */,
			);
			buildRules = (
			);
			dependencies = (
			);
			name = RxSwiftDemo;
			productName = RxSwiftDemo;
			productReference = 225971DF1FF337E800D58BAE /* RxSwiftDemo.app */;
			productType = "com.apple.product-type.application";
		};
		225971F21FF337E800D58BAE /* RxSwiftDemoTests */ = {
			isa = PBXNativeTarget;
			buildConfigurationList = 2259720A1FF337E800D58BAE /* Build configuration list for PBXNativeTarget "RxSwiftDemoTests" */;
			buildPhases = (
				225971EF1FF337E800D58BAE /* Sources */,
				225971F01FF337E800D58BAE /* Frameworks */,
				225971F11FF337E800D58BAE /* Resources */,
			);
			buildRules = (
			);
			dependencies = (
				225971F51FF337E800D58BAE /* PBXTargetDependency */,
			);
			name = RxSwiftDemoTests;
			productName = RxSwiftDemoTests;
			productReference = 225971F31FF337E800D58BAE /* RxSwiftDemoTests.xctest */;
			productType = "com.apple.product-type.bundle.unit-test";
		};
		225971FD1FF337E800D58BAE /* RxSwiftDemoUITests */ = {
			isa = PBXNativeTarget;
			buildConfigurationList = 2259720D1FF337E800D58BAE /* Build configuration list for PBXNativeTarget "RxSwiftDemoUITests" */;
			buildPhases = (
				225971FA1FF337E800D58BAE /* Sources */,
				225971FB1FF337E800D58BAE /* Frameworks */,
				225971FC1FF337E800D58BAE /* Resources */,
			);
			buildRules = (
			);
			dependencies = (
				225972001FF337E800D58BAE /* PBXTargetDependency */,
			);
			name = RxSwiftDemoUITests;
			productName = RxSwiftDemoUITests;
			productReference = 225971FE1FF337E800D58BAE /* RxSwiftDemoUITests.xctest */;
			productType = "com.apple.product-type.bundle.ui-testing";
		};
/* End PBXNativeTarget section */

/* Begin PBXProject section */
		225971D71FF337E800D58BAE /* Project object */ = {
			isa = PBXProject;
			attributes = {
				LastSwiftUpdateCheck = 0920;
				LastUpgradeCheck = 0920;
				ORGANIZATIONNAME = yuying;
				TargetAttributes = {
					225971DE1FF337E800D58BAE = {
						CreatedOnToolsVersion = 9.2;
						ProvisioningStyle = Automatic;
					};
					225971F21FF337E800D58BAE = {
						CreatedOnToolsVersion = 9.2;
						ProvisioningStyle = Automatic;
						TestTargetID = 225971DE1FF337E800D58BAE;
					};
					225971FD1FF337E800D58BAE = {
						CreatedOnToolsVersion = 9.2;
						ProvisioningStyle = Automatic;
						TestTargetID = 225971DE1FF337E800D58BAE;
					};
				};
			};
			buildConfigurationList = 225971DA1FF337E800D58BAE /* Build configuration list for PBXProject "RxSwiftDemo" */;
			compatibilityVersion = "Xcode 8.0";
			developmentRegion = en;
			hasScannedForEncodings = 0;
			knownRegions = (
				en,
				Base,
			);
			mainGroup = 225971D61FF337E800D58BAE;
			productRefGroup = 225971E01FF337E800D58BAE /* Products */;
			projectDirPath = "";
			projectRoot = "";
			targets = (
				225971DE1FF337E800D58BAE /* RxSwiftDemo */,
				225971F21FF337E800D58BAE /* RxSwiftDemoTests */,
				225971FD1FF337E800D58BAE /* RxSwiftDemoUITests */,
			);
		};
/* End PBXProject section */

/* Begin PBXResourcesBuildPhase section */
		225971DD1FF337E800D58BAE /* Resources */ = {
			isa = PBXResourcesBuildPhase;
			buildActionMask = 2147483647;
			files = (
				225971ED1FF337E800D58BAE /* LaunchScreen.storyboard in Resources */,
				225971EA1FF337E800D58BAE /* Assets.xcassets in Resources */,
				22152CB41FF36AC900A7BC59 /* MJRefresh.bundle in Resources */,
				225971E81FF337E800D58BAE /* Main.storyboard in Resources */,
			);
			runOnlyForDeploymentPostprocessing = 0;
		};
		225971F11FF337E800D58BAE /* Resources */ = {
			isa = PBXResourcesBuildPhase;
			buildActionMask = 2147483647;
			files = (
			);
			runOnlyForDeploymentPostprocessing = 0;
		};
		225971FC1FF337E800D58BAE /* Resources */ = {
			isa = PBXResourcesBuildPhase;
			buildActionMask = 2147483647;
			files = (
			);
			runOnlyForDeploymentPostprocessing = 0;
		};
/* End PBXResourcesBuildPhase section */

/* Begin PBXShellScriptBuildPhase section */
		22152D061FF36BAF00A7BC59 /* ShellScript */ = {
			isa = PBXShellScriptBuildPhase;
			buildActionMask = 2147483647;
			files = (
			);
			inputPaths = (
				"$(SRCROOT)/Carthage/Build/iOS/Alamofire.framework",
				"$(SRCROOT)/Carthage/Build/iOS/Differentiator.framework",
				"$(SRCROOT)/Carthage/Build/iOS/Kingfisher.framework",
				"$(SRCROOT)/Carthage/Build/iOS/Moya.framework",
				"$(SRCROOT)/Carthage/Build/iOS/Result.framework",
				"$(SRCROOT)/Carthage/Build/iOS/RxAlamofire.framework",
				"$(SRCROOT)/Carthage/Build/iOS/RxBlocking.framework",
				"$(SRCROOT)/Carthage/Build/iOS/RxCocoa.framework",
				"$(SRCROOT)/Carthage/Build/iOS/RxDataSources.framework",
				"$(SRCROOT)/Carthage/Build/iOS/RxMoya.framework",
				"$(SRCROOT)/Carthage/Build/iOS/RxSwift.framework",
				"$(SRCROOT)/Carthage/Build/iOS/SwiftyJSON.framework",
			);
			outputPaths = (
			);
			runOnlyForDeploymentPostprocessing = 0;
			shellPath = /bin/sh;
			shellScript = "/usr/local/bin/carthage copy-frameworks";
		};
/* End PBXShellScriptBuildPhase section */

/* Begin PBXSourcesBuildPhase section */
		225971DB1FF337E800D58BAE /* Sources */ = {
			isa = PBXSourcesBuildPhase;
			buildActionMask = 2147483647;
			files = (
				22152CB31FF36AC900A7BC59 /* MJRefreshConst.m in Sources */,
				22152CB61FF36AC900A7BC59 /* NSBundle+MJRefresh.m in Sources */,
				225971E51FF337E800D58BAE /* ViewController.swift in Sources */,
				22152CB71FF36AC900A7BC59 /* UIView+MJExtension.m in Sources */,
				22152CC01FF36AC900A7BC59 /* MJRefreshGifHeader.m in Sources */,
				225971E31FF337E800D58BAE /* AppDelegate.swift in Sources */,
				22152CBA1FF36AC900A7BC59 /* MJRefreshBackNormalFooter.m in Sources */,
				22152CC11FF36AC900A7BC59 /* MJRefreshFooter.m in Sources */,
				22152CBD1FF36AC900A7BC59 /* MJRefreshAutoNormalFooter.m in Sources */,
				22152CB21FF36AC900A7BC59 /* UIScrollView+MJRefresh.m in Sources */,
				22152CC41FF36ACA00A7BC59 /* MJRefreshAutoFooter.m in Sources */,
				22152CC51FF36ACA00A7BC59 /* MJRefreshComponent.m in Sources */,
				22152CBC1FF36AC900A7BC59 /* MJRefreshAutoGifFooter.m in Sources */,
				22152CBB1FF36AC900A7BC59 /* MJRefreshAutoStateFooter.m in Sources */,
				22152CBF1FF36AC900A7BC59 /* MJRefreshStateHeader.m in Sources */,
				22152CC21FF36AC900A7BC59 /* MJRefreshHeader.m in Sources */,
				22152CC31FF36ACA00A7BC59 /* MJRefreshBackFooter.m in Sources */,
				22152CBE1FF36AC900A7BC59 /* MJRefreshNormalHeader.m in Sources */,
				22152CB51FF36AC900A7BC59 /* UIScrollView+MJExtension.m in Sources */,
				22152CB81FF36AC900A7BC59 /* MJRefreshBackGifFooter.m in Sources */,
				22152CB91FF36AC900A7BC59 /* MJRefreshBackStateFooter.m in Sources */,
			);
			runOnlyForDeploymentPostprocessing = 0;
		};
		225971EF1FF337E800D58BAE /* Sources */ = {
			isa = PBXSourcesBuildPhase;
			buildActionMask = 2147483647;
			files = (
				225971F81FF337E800D58BAE /* RxSwiftDemoTests.swift in Sources */,
			);
			runOnlyForDeploymentPostprocessing = 0;
		};
		225971FA1FF337E800D58BAE /* Sources */ = {
			isa = PBXSourcesBuildPhase;
			buildActionMask = 2147483647;
			files = (
				225972031FF337E800D58BAE /* RxSwiftDemoUITests.swift in Sources */,
			);
			runOnlyForDeploymentPostprocessing = 0;
		};
/* End PBXSourcesBuildPhase section */

/* Begin PBXTargetDependency section */
		225971F51FF337E800D58BAE /* PBXTargetDependency */ = {
			isa = PBXTargetDependency;
			target = 225971DE1FF337E800D58BAE /* RxSwiftDemo */;
			targetProxy = 225971F41FF337E800D58BAE /* PBXContainerItemProxy */;
		};
		225972001FF337E800D58BAE /* PBXTargetDependency */ = {
			isa = PBXTargetDependency;
			target = 225971DE1FF337E800D58BAE /* RxSwiftDemo */;
			targetProxy = 225971FF1FF337E800D58BAE /* PBXContainerItemProxy */;
		};
/* End PBXTargetDependency section */

/* Begin PBXVariantGroup section */
		225971E61FF337E800D58BAE /* Main.storyboard */ = {
			isa = PBXVariantGroup;
			children = (
				225971E71FF337E800D58BAE /* Base */,
			);
			name = Main.storyboard;
			sourceTree = "<group>";
		};
		225971EB1FF337E800D58BAE /* LaunchScreen.storyboard */ = {
			isa = PBXVariantGroup;
			children = (
				225971EC1FF337E800D58BAE /* Base */,
			);
			name = LaunchScreen.storyboard;
			sourceTree = "<group>";
		};
/* End PBXVariantGroup section */

/* Begin XCBuildConfiguration section */
		225972051FF337E800D58BAE /* Debug */ = {
			isa = XCBuildConfiguration;
			buildSettings = {
				ALWAYS_SEARCH_USER_PATHS = NO;
				CLANG_ANALYZER_NONNULL = YES;
				CLANG_ANALYZER_NUMBER_OBJECT_CONVERSION = YES_AGGRESSIVE;
				CLANG_CXX_LANGUAGE_STANDARD = "gnu++14";
				CLANG_CXX_LIBRARY = "libc++";
				CLANG_ENABLE_MODULES = YES;
				CLANG_ENABLE_OBJC_ARC = YES;
				CLANG_WARN_BLOCK_CAPTURE_AUTORELEASING = YES;
				CLANG_WARN_BOOL_CONVERSION = YES;
				CLANG_WARN_COMMA = YES;
				CLANG_WARN_CONSTANT_CONVERSION = YES;
				CLANG_WARN_DIRECT_OBJC_ISA_USAGE = YES_ERROR;
				CLANG_WARN_DOCUMENTATION_COMMENTS = YES;
				CLANG_WARN_EMPTY_BODY = YES;
				CLANG_WARN_ENUM_CONVERSION = YES;
				CLANG_WARN_INFINITE_RECURSION = YES;
				CLANG_WARN_INT_CONVERSION = YES;
				CLANG_WARN_NON_LITERAL_NULL_CONVERSION = YES;
				CLANG_WARN_OBJC_LITERAL_CONVERSION = YES;
				CLANG_WARN_OBJC_ROOT_CLASS = YES_ERROR;
				CLANG_WARN_RANGE_LOOP_ANALYSIS = YES;
				CLANG_WARN_STRICT_PROTOTYPES = YES;
				CLANG_WARN_SUSPICIOUS_MOVE = YES;
				CLANG_WARN_UNGUARDED_AVAILABILITY = YES_AGGRESSIVE;
				CLANG_WARN_UNREACHABLE_CODE = YES;
				CLANG_WARN__DUPLICATE_METHOD_MATCH = YES;
				CODE_SIGN_IDENTITY = "iPhone Developer";
				COPY_PHASE_STRIP = NO;
				DEBUG_INFORMATION_FORMAT = dwarf;
				ENABLE_STRICT_OBJC_MSGSEND = YES;
				ENABLE_TESTABILITY = YES;
				GCC_C_LANGUAGE_STANDARD = gnu11;
				GCC_DYNAMIC_NO_PIC = NO;
				GCC_NO_COMMON_BLOCKS = YES;
				GCC_OPTIMIZATION_LEVEL = 0;
				GCC_PREPROCESSOR_DEFINITIONS = (
					"DEBUG=1",
					"$(inherited)",
				);
				GCC_WARN_64_TO_32_BIT_CONVERSION = YES;
				GCC_WARN_ABOUT_RETURN_TYPE = YES_ERROR;
				GCC_WARN_UNDECLARED_SELECTOR = YES;
				GCC_WARN_UNINITIALIZED_AUTOS = YES_AGGRESSIVE;
				GCC_WARN_UNUSED_FUNCTION = YES;
				GCC_WARN_UNUSED_VARIABLE = YES;
				IPHONEOS_DEPLOYMENT_TARGET = 11.2;
				MTL_ENABLE_DEBUG_INFO = YES;
				ONLY_ACTIVE_ARCH = YES;
				SDKROOT = iphoneos;
				SWIFT_ACTIVE_COMPILATION_CONDITIONS = DEBUG;
				SWIFT_OPTIMIZATION_LEVEL = "-Onone";
			};
			name = Debug;
		};
		225972061FF337E800D58BAE /* Release */ = {
			isa = XCBuildConfiguration;
			buildSettings = {
				ALWAYS_SEARCH_USER_PATHS = NO;
				CLANG_ANALYZER_NONNULL = YES;
				CLANG_ANALYZER_NUMBER_OBJECT_CONVERSION = YES_AGGRESSIVE;
				CLANG_CXX_LANGUAGE_STANDARD = "gnu++14";
				CLANG_CXX_LIBRARY = "libc++";
				CLANG_ENABLE_MODULES = YES;
				CLANG_ENABLE_OBJC_ARC = YES;
				CLANG_WARN_BLOCK_CAPTURE_AUTORELEASING = YES;
				CLANG_WARN_BOOL_CONVERSION = YES;
				CLANG_WARN_COMMA = YES;
				CLANG_WARN_CONSTANT_CONVERSION = YES;
				CLANG_WARN_DIRECT_OBJC_ISA_USAGE = YES_ERROR;
				CLANG_WARN_DOCUMENTATION_COMMENTS = YES;
				CLANG_WARN_EMPTY_BODY = YES;
				CLANG_WARN_ENUM_CONVERSION = YES;
				CLANG_WARN_INFINITE_RECURSION = YES;
				CLANG_WARN_INT_CONVERSION = YES;
				CLANG_WARN_NON_LITERAL_NULL_CONVERSION = YES;
				CLANG_WARN_OBJC_LITERAL_CONVERSION = YES;
				CLANG_WARN_OBJC_ROOT_CLASS = YES_ERROR;
				CLANG_WARN_RANGE_LOOP_ANALYSIS = YES;
				CLANG_WARN_STRICT_PROTOTYPES = YES;
				CLANG_WARN_SUSPICIOUS_MOVE = YES;
				CLANG_WARN_UNGUARDED_AVAILABILITY = YES_AGGRESSIVE;
				CLANG_WARN_UNREACHABLE_CODE = YES;
				CLANG_WARN__DUPLICATE_METHOD_MATCH = YES;
				CODE_SIGN_IDENTITY = "iPhone Developer";
				COPY_PHASE_STRIP = NO;
				DEBUG_INFORMATION_FORMAT = "dwarf-with-dsym";
				ENABLE_NS_ASSERTIONS = NO;
				ENABLE_STRICT_OBJC_MSGSEND = YES;
				GCC_C_LANGUAGE_STANDARD = gnu11;
				GCC_NO_COMMON_BLOCKS = YES;
				GCC_WARN_64_TO_32_BIT_CONVERSION = YES;
				GCC_WARN_ABOUT_RETURN_TYPE = YES_ERROR;
				GCC_WARN_UNDECLARED_SELECTOR = YES;
				GCC_WARN_UNINITIALIZED_AUTOS = YES_AGGRESSIVE;
				GCC_WARN_UNUSED_FUNCTION = YES;
				GCC_WARN_UNUSED_VARIABLE = YES;
				IPHONEOS_DEPLOYMENT_TARGET = 11.2;
				MTL_ENABLE_DEBUG_INFO = NO;
				SDKROOT = iphoneos;
				SWIFT_OPTIMIZATION_LEVEL = "-Owholemodule";
				VALIDATE_PRODUCT = YES;
			};
			name = Release;
		};
		225972081FF337E800D58BAE /* Debug */ = {
			isa = XCBuildConfiguration;
			buildSettings = {
				ASSETCATALOG_COMPILER_APPICON_NAME = AppIcon;
				CODE_SIGN_STYLE = Automatic;
				DEVELOPMENT_TEAM = BPBP7M953A;
				FRAMEWORK_SEARCH_PATHS = (
					"$(inherited)",
					"$(PROJECT_DIR)/Carthage/Build/iOS",
				);
				INFOPLIST_FILE = RxSwiftDemo/Info.plist;
				LD_RUNPATH_SEARCH_PATHS = "$(inherited) @executable_path/Frameworks";
				PRODUCT_BUNDLE_IDENTIFIER = com.yuying.RxSwiftDemo;
				PRODUCT_NAME = "$(TARGET_NAME)";
				SWIFT_VERSION = 4.0;
				TARGETED_DEVICE_FAMILY = "1,2";
			};
			name = Debug;
		};
		225972091FF337E800D58BAE /* Release */ = {
			isa = XCBuildConfiguration;
			buildSettings = {
				ASSETCATALOG_COMPILER_APPICON_NAME = AppIcon;
				CODE_SIGN_STYLE = Automatic;
				DEVELOPMENT_TEAM = BPBP7M953A;
				FRAMEWORK_SEARCH_PATHS = (
					"$(inherited)",
					"$(PROJECT_DIR)/Carthage/Build/iOS",
				);
				INFOPLIST_FILE = RxSwiftDemo/Info.plist;
				LD_RUNPATH_SEARCH_PATHS = "$(inherited) @executable_path/Frameworks";
				PRODUCT_BUNDLE_IDENTIFIER = com.yuying.RxSwiftDemo;
				PRODUCT_NAME = "$(TARGET_NAME)";
				SWIFT_VERSION = 4.0;
				TARGETED_DEVICE_FAMILY = "1,2";
			};
			name = Release;
		};
		2259720B1FF337E800D58BAE /* Debug */ = {
			isa = XCBuildConfiguration;
			buildSettings = {
				ALWAYS_EMBED_SWIFT_STANDARD_LIBRARIES = YES;
				BUNDLE_LOADER = "$(TEST_HOST)";
				CODE_SIGN_STYLE = Automatic;
				INFOPLIST_FILE = RxSwiftDemoTests/Info.plist;
				LD_RUNPATH_SEARCH_PATHS = "$(inherited) @executable_path/Frameworks @loader_path/Frameworks";
				PRODUCT_BUNDLE_IDENTIFIER = com.yuying.RxSwiftDemoTests;
				PRODUCT_NAME = "$(TARGET_NAME)";
				SWIFT_VERSION = 4.0;
				TARGETED_DEVICE_FAMILY = "1,2";
				TEST_HOST = "$(BUILT_PRODUCTS_DIR)/RxSwiftDemo.app/RxSwiftDemo";
			};
			name = Debug;
		};
		2259720C1FF337E800D58BAE /* Release */ = {
			isa = XCBuildConfiguration;
			buildSettings = {
				ALWAYS_EMBED_SWIFT_STANDARD_LIBRARIES = YES;
				BUNDLE_LOADER = "$(TEST_HOST)";
				CODE_SIGN_STYLE = Automatic;
				INFOPLIST_FILE = RxSwiftDemoTests/Info.plist;
				LD_RUNPATH_SEARCH_PATHS = "$(inherited) @executable_path/Frameworks @loader_path/Frameworks";
				PRODUCT_BUNDLE_IDENTIFIER = com.yuying.RxSwiftDemoTests;
				PRODUCT_NAME = "$(TARGET_NAME)";
				SWIFT_VERSION = 4.0;
				TARGETED_DEVICE_FAMILY = "1,2";
				TEST_HOST = "$(BUILT_PRODUCTS_DIR)/RxSwiftDemo.app/RxSwiftDemo";
			};
			name = Release;
		};
		2259720E1FF337E800D58BAE /* Debug */ = {
			isa = XCBuildConfiguration;
			buildSettings = {
				ALWAYS_EMBED_SWIFT_STANDARD_LIBRARIES = YES;
				CODE_SIGN_STYLE = Automatic;
				INFOPLIST_FILE = RxSwiftDemoUITests/Info.plist;
				LD_RUNPATH_SEARCH_PATHS = "$(inherited) @executable_path/Frameworks @loader_path/Frameworks";
				PRODUCT_BUNDLE_IDENTIFIER = com.yuying.RxSwiftDemoUITests;
				PRODUCT_NAME = "$(TARGET_NAME)";
				SWIFT_VERSION = 4.0;
				TARGETED_DEVICE_FAMILY = "1,2";
				TEST_TARGET_NAME = RxSwiftDemo;
			};
			name = Debug;
		};
		2259720F1FF337E800D58BAE /* Release */ = {
			isa = XCBuildConfiguration;
			buildSettings = {
				ALWAYS_EMBED_SWIFT_STANDARD_LIBRARIES = YES;
				CODE_SIGN_STYLE = Automatic;
				INFOPLIST_FILE = RxSwiftDemoUITests/Info.plist;
				LD_RUNPATH_SEARCH_PATHS = "$(inherited) @executable_path/Frameworks @loader_path/Frameworks";
				PRODUCT_BUNDLE_IDENTIFIER = com.yuying.RxSwiftDemoUITests;
				PRODUCT_NAME = "$(TARGET_NAME)";
				SWIFT_VERSION = 4.0;
				TARGETED_DEVICE_FAMILY = "1,2";
				TEST_TARGET_NAME = RxSwiftDemo;
			};
			name = Release;
		};
/* End XCBuildConfiguration section */

/* Begin XCConfigurationList section */
		225971DA1FF337E800D58BAE /* Build configuration list for PBXProject "RxSwiftDemo" */ = {
			isa = XCConfigurationList;
			buildConfigurations = (
				225972051FF337E800D58BAE /* Debug */,
				225972061FF337E800D58BAE /* Release */,
			);
			defaultConfigurationIsVisible = 0;
			defaultConfigurationName = Release;
		};
		225972071FF337E800D58BAE /* Build configuration list for PBXNativeTarget "RxSwiftDemo" */ = {
			isa = XCConfigurationList;
			buildConfigurations = (
				225972081FF337E800D58BAE /* Debug */,
				225972091FF337E800D58BAE /* Release */,
			);
			defaultConfigurationIsVisible = 0;
			defaultConfigurationName = Release;
		};
		2259720A1FF337E800D58BAE /* Build configuration list for PBXNativeTarget "RxSwiftDemoTests" */ = {
			isa = XCConfigurationList;
			buildConfigurations = (
				2259720B1FF337E800D58BAE /* Debug */,
				2259720C1FF337E800D58BAE /* Release */,
			);
			defaultConfigurationIsVisible = 0;
			defaultConfigurationName = Release;
		};
		2259720D1FF337E800D58BAE /* Build configuration list for PBXNativeTarget "RxSwiftDemoUITests" */ = {
			isa = XCConfigurationList;
			buildConfigurations = (
				2259720E1FF337E800D58BAE /* Debug */,
				2259720F1FF337E800D58BAE /* Release */,
			);
			defaultConfigurationIsVisible = 0;
			defaultConfigurationName = Release;
		};
/* End XCConfigurationList section */
	};
	rootObject = 225971D71FF337E800D58BAE /* Project object */;
}
